
Microsoft Visual Studio Solution File, Format Version 12.00
# Visual Studio Version 17
VisualStudioVersion = 17.4.33110.190
MinimumVisualStudioVersion = 10.0.40219.1
Project("{FAE04EC0-301F-11D3-BF4B-00C04F79EFBC}") = "w1-l4-Intro-OOP-3", "w1-l4-Intro-OOP-3.csproj", "{3D06E9FD-7682-4328-A860-E5F8175E29DF}"
EndProject
Global
	GlobalSection(SolutionConfigurationPlatforms) = preSolution
		Debug|Any CPU = Debug|Any CPU
		Release|Any CPU = Release|Any CPU
	EndGlobalSection
	GlobalSection(ProjectConfigurationPlatforms) = postSolution
		{3D06E9FD-7682-4328-A860-E5F8175E29DF}.Debug|Any CPU.ActiveCfg = Debug|Any CPU
		{3D06E9FD-7682-4328-A860-E5F8175E29DF}.Debug|Any CPU.Build.0 = Debug|Any CPU
		{3D06E9FD-7682-4328-A860-E5F8175E29DF}.Release|Any CPU.ActiveCfg = Release|Any CPU
		{3D06E9FD-7682-4328-A860-E5F8175E29DF}.Release|Any CPU.Build.0 = Release|Any CPU
	EndGlobalSection
	GlobalSection(SolutionProperties) = preSolution
		HideSolutionNode = FALSE
	EndGlobalSection
	GlobalSection(ExtensibilityGlobals) = postSolution
		SolutionGuid = {65B5CB76-8560-4F91-8873-71F685B2C785}
	EndGlobalSection
EndGlobal
